# THIS IS AN AUTOGENERATED FILE. DO NOT EDIT THIS FILE DIRECTLY.
# yarn lockfile v1


bs-platform@^8.0.3:
  version "8.0.3"
  resolved "https://registry.yarnpkg.com/bs-platform/-/bs-platform-8.0.3.tgz#574e41ec04fee381d4c400dac547735368caa48f"
  integrity sha512-I7wulOPM0/NGamwm9CDh9rGjW1oIKltPwwEIOJrL8DBFRXI8OFSACtWGlpaoOw76Xpf+KcVokr00keS2NlzA3A==

reason-promise@^1.1.1:
  version "1.1.1"
  resolved "https://registry.yarnpkg.com/reason-promise/-/reason-promise-1.1.1.tgz#966133fed21e748a50ffb8839a1da04912bcf380"
  integrity sha512-xMXDiyzTjn7t9pq9aQrkgu8CLB5DILU70oWQ+LI20YecshypUwsw37TKOvCxgoFR3vo30ucF0/iWe2BZ181/jw==
